// !$*UTF8*$!
{
	archiveVersion = 1;
	classes = {
	};
	objectVersion = 46;
	objects = {

/* Begin PBXBuildFile section */
		F09A2C061E715C98007CB1DA /* AppDelegate.swift in Sources */ = {isa = PBXBuildFile; fileRef = F09A2C051E715C98007CB1DA /* AppDelegate.swift */; };
		F09A2C081E715C98007CB1DA /* ViewController.swift in Sources */ = {isa = PBXBuildFile; fileRef = F09A2C071E715C98007CB1DA /* ViewController.swift */; };
		F09A2C0B1E715C98007CB1DA /* Main.storyboard in Resources */ = {isa = PBXBuildFile; fileRef = F09A2C091E715C98007CB1DA /* Main.storyboard */; };
		F09A2C0D1E715C98007CB1DA /* Assets.xcassets in Resources */ = {isa = PBXBuildFile; fileRef = F09A2C0C1E715C98007CB1DA /* Assets.xcassets */; };
		F09A2C101E715C98007CB1DA /* LaunchScreen.storyboard in Resources */ = {isa = PBXBuildFile; fileRef = F09A2C0E1E715C98007CB1DA /* LaunchScreen.storyboard */; };
/* End PBXBuildFile section */

/* Begin PBXFileReference section */
		F09A2C021E715C98007CB1DA /* DemoTextField.app */ = {isa = PBXFileReference; explicitFileType = wrapper.application; includeInIndex = 0; path = DemoTextField.app; sourceTree = BUILT_PRODUCTS_DIR; };
		F09A2C051E715C98007CB1DA /* AppDelegate.swift */ = {isa = PBXFileReference; lastKnownFileType = sourcecode.swift; path = AppDelegate.swift; sourceTree = "<group>"; };
		F09A2C071E715C98007CB1DA /* ViewController.swift */ = {isa = PBXFileReference; lastKnownFileType = sourcecode.swift; path = ViewController.swift; sourceTree = "<group>"; };
		F09A2C0A1E715C98007CB1DA /* Base */ = {isa = PBXFileReference; lastKnownFileType = file.storyboard; name = Base; path = Base.lproj/Main.storyboard; sourceTree = "<group>"; };
		F09A2C0C1E715C98007CB1DA /* Assets.xcassets */ = {isa = PBXFileReference; lastKnownFileType = folder.assetcatalog; path = Assets.xcassets; sourceTree = "<group>"; };
		F09A2C0F1E715C98007CB1DA /* Base */ = {isa = PBXFileReference; lastKnownFileType = file.storyboard; name = Base; path = Base.lproj/LaunchScreen.storyboard; sourceTree = "<group>"; };
		F09A2C111E715C98007CB1DA /* Info.plist */ = {isa = PBXFileReference; lastKnownFileType = text.plist.xml; path = Info.plist; sourceTree = "<group>"; };
/* End PBXFileReference section */

/* Begin PBXFrameworksBuildPhase section */
		F09A2BFF1E715C98007CB1DA /* Frameworks */ = {
			isa = PBXFrameworksBuildPhase;
			buildActionMask = 2147483647;
			files = (
			);
			runOnlyForDeploymentPostprocessing = 0;
		};
/* End PBXFrameworksBuildPhase section */

/* Begin PBXGroup section */
		F09A2BF91E715C98007CB1DA = {
			isa = PBXGroup;
			children = (
				F09A2C041E715C98007CB1DA /* DemoTextField */,
				F09A2C031E715C98007CB1DA /* Products */,
			);
			sourceTree = "<group>";
		};
		F09A2C031E715C98007CB1DA /* Products */ = {
			isa = PBXGroup;
			children = (
				F09A2C021E715C98007CB1DA /* DemoTextField.app */,
			);
			name = Products;
			sourceTree = "<group>";
		};
		F09A2C041E715C98007CB1DA /* DemoTextField */ = {
			isa = PBXGroup;
			children = (
				F09A2C051E715C98007CB1DA /* AppDelegate.swift */,
				F09A2C071E715C98007CB1DA /* ViewController.swift */,
				F09A2C091E715C98007CB1DA /* Main.storyboard */,
				F09A2C0C1E715C98007CB1DA /* Assets.xcassets */,
				F09A2C0E1E715C98007CB1DA /* LaunchScreen.storyboard */,
				F09A2C111E715C98007CB1DA /* Info.plist */,
			);
			path = DemoTextField;
			sourceTree = "<group>";
		};
/* End PBXGroup section */

/* Begin PBXNativeTarget section */
		F09A2C011E715C98007CB1DA /* DemoTextField */ = {
			isa = PBXNativeTarget;
			buildConfigurationList = F09A2C141E715C98007CB1DA /* Build configuration list for PBXNativeTarget "DemoTextField" */;
			buildPhases = (
				F09A2BFE1E715C98007CB1DA /* Sources */,
				F09A2BFF1E715C98007CB1DA /* Frameworks */,
				F09A2C001E715C98007CB1DA /* Resources */,
			);
			buildRules = (
			);
			dependencies = (
			);
			name = DemoTextField;
			productName = DemoTextField;
			productReference = F09A2C021E715C98007CB1DA /* DemoTextField.app */;
			productType = "com.apple.product-type.application";
		};
/* End PBXNativeTarget section */

/* Begin PBXProject section */
		F09A2BFA1E715C98007CB1DA /* Project object */ = {
			isa = PBXProject;
			attributes = {
				LastSwiftUpdateCheck = 0820;
				LastUpgradeCheck = 0820;
				ORGANIZATIONNAME = "Jony Singla";
				TargetAttributes = {
					F09A2C011E715C98007CB1DA = {
						CreatedOnToolsVersion = 8.2.1;
						ProvisioningStyle = Automatic;
					};
				};
			};
			buildConfigurationList = F09A2BFD1E715C98007CB1DA /* Build configuration list for PBXProject "DemoTextField" */;
			compatibilityVersion = "Xcode 3.2";
			developmentRegion = English;
			hasScannedForEncodings = 0;
			knownRegions = (
				en,
				Base,
			);
			mainGroup = F09A2BF91E715C98007CB1DA;
			productRefGroup = F09A2C031E715C98007CB1DA /* Products */;
			projectDirPath = "";
			projectRoot = "";
			targets = (
				F09A2C011E715C98007CB1DA /* DemoTextField */,
			);
		};
/* End PBXProject section */

/* Begin PBXResourcesBuildPhase section */
		F09A2C001E715C98007CB1DA /* Resources */ = {
			isa = PBXResourcesBuildPhase;
			buildActionMask = 2147483647;
			files = (
				F09A2C101E715C98007CB1DA /* LaunchScreen.storyboard in Resources */,
				F09A2C0D1E715C98007CB1DA /* Assets.xcassets in Resources */,
				F09A2C0B1E715C98007CB1DA /* Main.storyboard in Resources */,
			);
			runOnlyForDeploymentPostprocessing = 0;
		};
/* End PBXResourcesBuildPhase section */

/* Begin PBXSourcesBuildPhase section */
		F09A2BFE1E715C98007CB1DA /* Sources */ = {
			isa = PBXSourcesBuildPhase;
			buildActionMask = 2147483647;
			files = (
				F09A2C081E715C98007CB1DA /* ViewController.swift in Sources */,
				F09A2C061E715C98007CB1DA /* AppDelegate.swift in Sources */,
			);
			runOnlyForDeploymentPostprocessing = 0;
		};
/* End PBXSourcesBuildPhase section */

/* Begin PBXVariantGroup section */
		F09A2C091E715C98007CB1DA /* Main.storyboard */ = {
			isa = PBXVariantGroup;
			children = (
				F09A2C0A1E715C98007CB1DA /* Base */,
			);
			name = Main.storyboard;
			sourceTree = "<group>";
		};
		F09A2C0E1E715C98007CB1DA /* LaunchScreen.storyboard */ = {
			isa = PBXVariantGroup;
			children = (
				F09A2C0F1E715C98007CB1DA /* Base */,
			);
			name = LaunchScreen.storyboard;
			sourceTree = "<group>";
		};
/* End PBXVariantGroup section */

/* Begin XCBuildConfiguration section */
		F09A2C121E715C98007CB1DA /* Debug */ = {
			isa = XCBuildConfiguration;
			buildSettings = {
				ALWAYS_SEARCH_USER_PATHS = NO;
				CLANG_ANALYZER_NONNULL = YES;
				CLANG_CXX_LANGUAGE_STANDARD = "gnu++0x";
				CLANG_CXX_LIBRARY = "libc++";
				CLANG_ENABLE_MODULES = YES;
				CLANG_ENABLE_OBJC_ARC = YES;
				CLANG_WARN_BOOL_CONVERSION = YES;
				CLANG_WARN_CONSTANT_CONVERSION = YES;
				CLANG_WARN_DIRECT_OBJC_ISA_USAGE = YES_ERROR;
				CLANG_WARN_DOCUMENTATION_COMMENTS = YES;
				CLANG_WARN_EMPTY_BODY = YES;
				CLANG_WARN_ENUM_CONVERSION = YES;
				CLANG_WARN_INFINITE_RECURSION = YES;
				CLANG_WARN_INT_CONVERSION = YES;
				CLANG_WARN_OBJC_ROOT_CLASS = YES_ERROR;
				CLANG_WARN_SUSPICIOUS_MOVE = YES;
				CLANG_WARN_UNREACHABLE_CODE = YES;
				CLANG_WARN__DUPLICATE_METHOD_MATCH = YES;
				"CODE_SIGN_IDENTITY[sdk=iphoneos*]" = "iPhone Developer";
				COPY_PHASE_STRIP = NO;
				DEBUG_INFORMATION_FORMAT = dwarf;
				ENABLE_STRICT_OBJC_MSGSEND = YES;
				ENABLE_TESTABILITY = YES;
				GCC_C_LANGUAGE_STANDARD = gnu99;
				GCC_DYNAMIC_NO_PIC = NO;
				GCC_NO_COMMON_BLOCKS = YES;
				GCC_OPTIMIZATION_LEVEL = 0;
				GCC_PREPROCESSOR_DEFINITIONS = (
					"DEBUG=1",
					"$(inherited)",
				);
				GCC_WARN_64_TO_32_BIT_CONVERSION = YES;
				GCC_WARN_ABOUT_RETURN_TYPE = YES_ERROR;
				GCC_WARN_UNDECLARED_SELECTOR = YES;
				GCC_WARN_UNINITIALIZED_AUTOS = YES_AGGRESSIVE;
				GCC_WARN_UNUSED_FUNCTION = YES;
				GCC_WARN_UNUSED_VARIABLE = YES;
				IPHONEOS_DEPLOYMENT_TARGET = 10.2;
				MTL_ENABLE_DEBUG_INFO = YES;
				ONLY_ACTIVE_ARCH = YES;
				SDKROOT = iphoneos;
				SWIFT_ACTIVE_COMPILATION_CONDITIONS = DEBUG;
				SWIFT_OPTIMIZATION_LEVEL = "-Onone";
				TARGETED_DEVICE_FAMILY = "1,2";
			};
			name = Debug;
		};
		F09A2C131E715C98007CB1DA /* Release */ = {
			isa = XCBuildConfiguration;
			buildSettings = {
				ALWAYS_SEARCH_USER_PATHS = NO;
				CLANG_ANALYZER_NONNULL = YES;
				CLANG_CXX_LANGUAGE_STANDARD = "gnu++0x";
				CLANG_CXX_LIBRARY = "libc++";
				CLANG_ENABLE_MODULES = YES;
				CLANG_ENABLE_OBJC_ARC = YES;
				CLANG_WARN_BOOL_CONVERSION = YES;
				CLANG_WARN_CONSTANT_CONVERSION = YES;
				CLANG_WARN_DIRECT_OBJC_ISA_USAGE = YES_ERROR;
				CLANG_WARN_DOCUMENTATION_COMMENTS = YES;
				CLANG_WARN_EMPTY_BODY = YES;
				CLANG_WARN_ENUM_CONVERSION = YES;
				CLANG_WARN_INFINITE_RECURSION = YES;
				CLANG_WARN_INT_CONVERSION = YES;
				CLANG_WARN_OBJC_ROOT_CLASS = YES_ERROR;
				CLANG_WARN_SUSPICIOUS_MOVE = YES;
				CLANG_WARN_UNREACHABLE_CODE = YES;
				CLANG_WARN__DUPLICATE_METHOD_MATCH = YES;
				"CODE_SIGN_IDENTITY[sdk=iphoneos*]" = "iPhone Developer";
				COPY_PHASE_STRIP = NO;
				DEBUG_INFORMATION_FORMAT = "dwarf-with-dsym";
				ENABLE_NS_ASSERTIONS = NO;
				ENABLE_STRICT_OBJC_MSGSEND = YES;
				GCC_C_LANGUAGE_STANDARD = gnu99;
				GCC_NO_COMMON_BLOCKS = YES;
				GCC_WARN_64_TO_32_BIT_CONVERSION = YES;
				GCC_WARN_ABOUT_RETURN_TYPE = YES_ERROR;
				GCC_WARN_UNDECLARED_SELECTOR = YES;
				GCC_WARN_UNINITIALIZED_AUTOS = YES_AGGRESSIVE;
				GCC_WARN_UNUSED_FUNCTION = YES;
				GCC_WARN_UNUSED_VARIABLE = YES;
				IPHONEOS_DEPLOYMENT_TARGET = 10.2;
				MTL_ENABLE_DEBUG_INFO = NO;
				SDKROOT = iphoneos;
				SWIFT_OPTIMIZATION_LEVEL = "-Owholemodule";
				TARGETED_DEVICE_FAMILY = "1,2";
				VALIDATE_PRODUCT = YES;
			};
			name = Release;
		};
		F09A2C151E715C98007CB1DA /* Debug */ = {
			isa = XCBuildConfiguration;
			buildSettings = {
				ASSETCATALOG_COMPILER_APPICON_NAME = AppIcon;
				INFOPLIST_FILE = DemoTextField/Info.plist;
				LD_RUNPATH_SEARCH_PATHS = "$(inherited) @executable_path/Frameworks";
				PRODUCT_BUNDLE_IDENTIFIER = yourvoice.DemoTextField;
				PRODUCT_NAME = "$(TARGET_NAME)";
				SWIFT_VERSION = 3.0;
			};
			name = Debug;
		};
		F09A2C161E715C98007CB1DA /* Release */ = {
			isa = XCBuildConfiguration;
			buildSettings = {
				ASSETCATALOG_COMPILER_APPICON_NAME = AppIcon;
				INFOPLIST_FILE = DemoTextField/Info.plist;
				LD_RUNPATH_SEARCH_PATHS = "$(inherited) @executable_path/Frameworks";
				PRODUCT_BUNDLE_IDENTIFIER = yourvoice.DemoTextField;
				PRODUCT_NAME = "$(TARGET_NAME)";
				SWIFT_VERSION = 3.0;
			};
			name = Release;
		};
/* End XCBuildConfiguration section */

/* Begin XCConfigurationList section */
		F09A2BFD1E715C98007CB1DA /* Build configuration list for PBXProject "DemoTextField" */ = {
			isa = XCConfigurationList;
			buildConfigurations = (
				F09A2C121E715C98007CB1DA /* Debug */,
				F09A2C131E715C98007CB1DA /* Release */,
			);
			defaultConfigurationIsVisible = 0;
			defaultConfigurationName = Release;
		};
		F09A2C141E715C98007CB1DA /* Build configuration list for PBXNativeTarget "DemoTextField" */ = {
			isa = XCConfigurationList;
			buildConfigurations = (
				F09A2C151E715C98007CB1DA /* Debug */,
				F09A2C161E715C98007CB1DA /* Release */,
			);
			defaultConfigurationIsVisible = 0;
		};
/* End XCConfigurationList section */
	};
	rootObject = F09A2BFA1E715C98007CB1DA /* Project object */;
}
